
Microsoft Visual Studio Solution File, Format Version 12.00
# Visual Studio Version 16
VisualStudioVersion = 16.0.30907.101
MinimumVisualStudioVersion = 10.0.40219.1
Project("{FAE04EC0-301F-11D3-BF4B-00C04F79EFBC}") = "Tarea1", "Tarea1.csproj", "{3CDA1865-A435-4310-8005-AEBFFEB5AF2F}"
EndProject
Global
	GlobalSection(SolutionConfigurationPlatforms) = preSolution
		Debug|Any CPU = Debug|Any CPU
		Release|Any CPU = Release|Any CPU
	EndGlobalSection
	GlobalSection(ProjectConfigurationPlatforms) = postSolution
		{3CDA1865-A435-4310-8005-AEBFFEB5AF2F}.Debug|Any CPU.ActiveCfg = Debug|Any CPU
		{3CDA1865-A435-4310-8005-AEBFFEB5AF2F}.Debug|Any CPU.Build.0 = Debug|Any CPU
		{3CDA1865-A435-4310-8005-AEBFFEB5AF2F}.Release|Any CPU.ActiveCfg = Release|Any CPU
		{3CDA1865-A435-4310-8005-AEBFFEB5AF2F}.Release|Any CPU.Build.0 = Release|Any CPU
	EndGlobalSection
	GlobalSection(SolutionProperties) = preSolution
		HideSolutionNode = FALSE
	EndGlobalSection
	GlobalSection(ExtensibilityGlobals) = postSolution
		SolutionGuid = {884E3AA3-BBA6-43FE-9872-631B6B628A07}
	EndGlobalSection
EndGlobal
